
Microsoft Visual Studio Solution File, Format Version 12.00
# Visual Studio 15
VisualStudioVersion = 15.0.27703.2026
MinimumVisualStudioVersion = 10.0.40219.1
Project("{FAE04EC0-301F-11D3-BF4B-00C04F79EFBC}") = "Twitch VOD Downloader Form", "Twitch VOD Downloader Form\Twitch VOD Downloader Form.csproj", "{7629C7EC-5AE5-403D-8BA8-5B25CF0B04F9}"
EndProject
Global
	GlobalSection(SolutionConfigurationPlatforms) = preSolution
		Debug|Any CPU = Debug|Any CPU
		Release|Any CPU = Release|Any CPU
	EndGlobalSection
	GlobalSection(ProjectConfigurationPlatforms) = postSolution
		{7629C7EC-5AE5-403D-8BA8-5B25CF0B04F9}.Debug|Any CPU.ActiveCfg = Debug|Any CPU
		{7629C7EC-5AE5-403D-8BA8-5B25CF0B04F9}.Debug|Any CPU.Build.0 = Debug|Any CPU
		{7629C7EC-5AE5-403D-8BA8-5B25CF0B04F9}.Release|Any CPU.ActiveCfg = Release|Any CPU
		{7629C7EC-5AE5-403D-8BA8-5B25CF0B04F9}.Release|Any CPU.Build.0 = Release|Any CPU
	EndGlobalSection
	GlobalSection(SolutionProperties) = preSolution
		HideSolutionNode = FALSE
	EndGlobalSection
	GlobalSection(ExtensibilityGlobals) = postSolution
		SolutionGuid = {6B480E4B-8C88-4354-A56B-F589EFB86FD4}
	EndGlobalSection
EndGlobal
